# This file is automatically @generated by Cargo.
# It is not intended for manual editing.
version = 4

[[package]]
name = "go-parser"
version = "0.1.5"
source = "registry+https://github.com/rust-lang/crates.io-index"
checksum = "27ff0f470ae80f251e1aeecd3c4e5c9ecf089fc3bb07857b2ed44cc827b897fc"

[[package]]
name = "parser_lib"
version = "0.1.0"
dependencies = [
 "go-parser",
]

[[package]]
name = "skan-uj-kod"
version = "0.1.0"
dependencies = [
 "parser_lib",
]
